
Microsoft Visual Studio Solution File, Format Version 12.00
# Visual Studio Version 17
VisualStudioVersion = 17.13.35806.99 d17.13
MinimumVisualStudioVersion = 10.0.40219.1
Project("{FAE04EC0-301F-11D3-BF4B-00C04F79EFBC}") = "WinFormsApp2", "WinFormsApp2\WinFormsApp2.csproj", "{5D922F77-EA9A-4051-ACE5-D5349C50B879}"
EndProject
Global
	GlobalSection(SolutionConfigurationPlatforms) = preSolution
		Debug|Any CPU = Debug|Any CPU
		Release|Any CPU = Release|Any CPU
	EndGlobalSection
	GlobalSection(ProjectConfigurationPlatforms) = postSolution
		{5D922F77-EA9A-4051-ACE5-D5349C50B879}.Debug|Any CPU.ActiveCfg = Debug|Any CPU
		{5D922F77-EA9A-4051-ACE5-D5349C50B879}.Debug|Any CPU.Build.0 = Debug|Any CPU
		{5D922F77-EA9A-4051-ACE5-D5349C50B879}.Release|Any CPU.ActiveCfg = Release|Any CPU
		{5D922F77-EA9A-4051-ACE5-D5349C50B879}.Release|Any CPU.Build.0 = Release|Any CPU
	EndGlobalSection
	GlobalSection(SolutionProperties) = preSolution
		HideSolutionNode = FALSE
	EndGlobalSection
	GlobalSection(ExtensibilityGlobals) = postSolution
		SolutionGuid = {F96FF7B2-16FE-4985-A650-4EF2FF0F1E93}
	EndGlobalSection
EndGlobal
